
Microsoft Visual Studio Solution File, Format Version 12.00
# Visual Studio Version 17
VisualStudioVersion = 17.8.34511.84
MinimumVisualStudioVersion = 10.0.40219.1
Project("{8BC9CEB8-8B4A-11D0-8D11-00A0C91BC942}") = "Struct", "Struct\Struct.vcxproj", "{1658D73E-6BB8-485F-A0B8-7D0EF89BF9E0}"
EndProject
Global
	GlobalSection(SolutionConfigurationPlatforms) = preSolution
		Debug|x64 = Debug|x64
		Debug|x86 = Debug|x86
		Release|x64 = Release|x64
		Release|x86 = Release|x86
	EndGlobalSection
	GlobalSection(ProjectConfigurationPlatforms) = postSolution
		{1658D73E-6BB8-485F-A0B8-7D0EF89BF9E0}.Debug|x64.ActiveCfg = Debug|x64
		{1658D73E-6BB8-485F-A0B8-7D0EF89BF9E0}.Debug|x64.Build.0 = Debug|x64
		{1658D73E-6BB8-485F-A0B8-7D0EF89BF9E0}.Debug|x86.ActiveCfg = Debug|Win32
		{1658D73E-6BB8-485F-A0B8-7D0EF89BF9E0}.Debug|x86.Build.0 = Debug|Win32
		{1658D73E-6BB8-485F-A0B8-7D0EF89BF9E0}.Release|x64.ActiveCfg = Release|x64
		{1658D73E-6BB8-485F-A0B8-7D0EF89BF9E0}.Release|x64.Build.0 = Release|x64
		{1658D73E-6BB8-485F-A0B8-7D0EF89BF9E0}.Release|x86.ActiveCfg = Release|Win32
		{1658D73E-6BB8-485F-A0B8-7D0EF89BF9E0}.Release|x86.Build.0 = Release|Win32
	EndGlobalSection
	GlobalSection(SolutionProperties) = preSolution
		HideSolutionNode = FALSE
	EndGlobalSection
	GlobalSection(ExtensibilityGlobals) = postSolution
		SolutionGuid = {B21C1096-4FBF-4D71-8572-47A48EC77DCD}
	EndGlobalSection
EndGlobal
